
Microsoft Visual Studio Solution File, Format Version 12.00
# Visual Studio Version 16
VisualStudioVersion = 16.0.30804.86
MinimumVisualStudioVersion = 10.0.40219.1
Project("{FAE04EC0-301F-11D3-BF4B-00C04F79EFBC}") = "RESTful API .NetCore", "RESTful API .NetCore\RESTful API .NetCore.csproj", "{C25EC715-9BF9-421B-912D-7B328D424289}"
EndProject
Project("{FAE04EC0-301F-11D3-BF4B-00C04F79EFBC}") = "APIWeb", "APIWeb\APIWeb.csproj", "{EDB2292E-3CCF-4784-B75B-DF12C98DEDD4}"
EndProject
Global
	GlobalSection(SolutionConfigurationPlatforms) = preSolution
		Debug|Any CPU = Debug|Any CPU
		Release|Any CPU = Release|Any CPU
	EndGlobalSection
	GlobalSection(ProjectConfigurationPlatforms) = postSolution
		{C25EC715-9BF9-421B-912D-7B328D424289}.Debug|Any CPU.ActiveCfg = Debug|Any CPU
		{C25EC715-9BF9-421B-912D-7B328D424289}.Debug|Any CPU.Build.0 = Debug|Any CPU
		{C25EC715-9BF9-421B-912D-7B328D424289}.Release|Any CPU.ActiveCfg = Release|Any CPU
		{C25EC715-9BF9-421B-912D-7B328D424289}.Release|Any CPU.Build.0 = Release|Any CPU
		{EDB2292E-3CCF-4784-B75B-DF12C98DEDD4}.Debug|Any CPU.ActiveCfg = Debug|Any CPU
		{EDB2292E-3CCF-4784-B75B-DF12C98DEDD4}.Debug|Any CPU.Build.0 = Debug|Any CPU
		{EDB2292E-3CCF-4784-B75B-DF12C98DEDD4}.Release|Any CPU.ActiveCfg = Release|Any CPU
		{EDB2292E-3CCF-4784-B75B-DF12C98DEDD4}.Release|Any CPU.Build.0 = Release|Any CPU
	EndGlobalSection
	GlobalSection(SolutionProperties) = preSolution
		HideSolutionNode = FALSE
	EndGlobalSection
	GlobalSection(ExtensibilityGlobals) = postSolution
		SolutionGuid = {5D6DB393-9CDC-42F7-BB83-14738C13C7B6}
	EndGlobalSection
EndGlobal
